schema: '2.0'
stages:
  evaluate_gpt:
    cmd: python src/discharge_docs/evaluate/evaluate_prompt.py
    deps:
    - path: data/processed/HiX_data.parquet
      hash: md5
      md5: 9ad423d07a84110f2da04180500747fa
      size: 2292086
    - path: src/discharge_docs/evaluate/evaluate_prompt.py
      hash: md5
      md5: 209f45e2bb679f36be69da888119f945
      size: 23702
    - path: src/discharge_docs/prompts/CAR_template_prompt.txt
      hash: md5
      md5: 1c5dfe415e139f03d1baf65317f15ce5
      size: 1128
    - path: src/discharge_docs/prompts/IC_template_prompt.txt
      hash: md5
      md5: d304f44aef3d499a97b091315df8d0d8
      size: 429
    - path: src/discharge_docs/prompts/NICU_template_prompt.txt
      hash: md5
      md5: 581e5d53f9def87bd89045a9688a980c
      size: 1965
    - path: src/discharge_docs/prompts/PSY_template_prompt.txt
      hash: md5
      md5: 9ad286d824b70e72b5ab988897105ce6
      size: 266
    - path: src/discharge_docs/prompts/evaluatie_prompt.txt
      hash: md5
      md5: 8850dc98ab66f044c300d8fb285353a3
      size: 1054
    - path: src/discharge_docs/prompts/system_prompt.txt
      hash: md5
      md5: b9103b28894965fe1d3bc2cb30eb7432
      size: 347
    - path: src/discharge_docs/prompts/user_prompt.txt
      hash: md5
      md5: c20c7cfe6f15c6ee16330d15f2ea16b1
      size: 779
